// !$*UTF8*$!
{
	archiveVersion = 1;
	classes = {
	};
	objectVersion = 51;
	objects = {

/* Begin PBXBuildFile section */
		5BD25A149F0EDC16BADD5120 /* Pods_Words.framework in Frameworks */ = {isa = PBXBuildFile; fileRef = 87D13FAF275DE3D660AF64F8 /* Pods_Words.framework */; };
		8BA4483326BF94C1006CBC6D /* Words.swift in Sources */ = {isa = PBXBuildFile; fileRef = 8BA4483226BF94C1006CBC6D /* Words.swift */; };
		8BA4483526BF95E2006CBC6D /* WordCell.swift in Sources */ = {isa = PBXBuildFile; fileRef = 8BA4483426BF95E2006CBC6D /* WordCell.swift */; };
		8BE033CB26BFF75300022C2B /* WordsManager.swift in Sources */ = {isa = PBXBuildFile; fileRef = 8BE033CA26BFF75300022C2B /* WordsManager.swift */; };
		8BE033CD26C0079800022C2B /* DetailViewController.swift in Sources */ = {isa = PBXBuildFile; fileRef = 8BE033CC26C0079800022C2B /* DetailViewController.swift */; };
		8BEAF4B526BF9380004A99DB /* AppDelegate.swift in Sources */ = {isa = PBXBuildFile; fileRef = 8BEAF4B426BF9380004A99DB /* AppDelegate.swift */; };
		8BEAF4B726BF9380004A99DB /* SceneDelegate.swift in Sources */ = {isa = PBXBuildFile; fileRef = 8BEAF4B626BF9380004A99DB /* SceneDelegate.swift */; };
		8BEAF4B926BF9380004A99DB /* ViewController.swift in Sources */ = {isa = PBXBuildFile; fileRef = 8BEAF4B826BF9380004A99DB /* ViewController.swift */; };
		8BEAF4BC26BF9380004A99DB /* Main.storyboard in Resources */ = {isa = PBXBuildFile; fileRef = 8BEAF4BA26BF9380004A99DB /* Main.storyboard */; };
		8BEAF4BE26BF9381004A99DB /* Assets.xcassets in Resources */ = {isa = PBXBuildFile; fileRef = 8BEAF4BD26BF9381004A99DB /* Assets.xcassets */; };
		8BEAF4C126BF9381004A99DB /* LaunchScreen.storyboard in Resources */ = {isa = PBXBuildFile; fileRef = 8BEAF4BF26BF9381004A99DB /* LaunchScreen.storyboard */; };
/* End PBXBuildFile section */

/* Begin PBXFileReference section */
		87D13FAF275DE3D660AF64F8 /* Pods_Words.framework */ = {isa = PBXFileReference; explicitFileType = wrapper.framework; includeInIndex = 0; path = Pods_Words.framework; sourceTree = BUILT_PRODUCTS_DIR; };
		8BA4483226BF94C1006CBC6D /* Words.swift */ = {isa = PBXFileReference; lastKnownFileType = sourcecode.swift; path = Words.swift; sourceTree = "<group>"; };
		8BA4483426BF95E2006CBC6D /* WordCell.swift */ = {isa = PBXFileReference; lastKnownFileType = sourcecode.swift; path = WordCell.swift; sourceTree = "<group>"; };
		8BE033CA26BFF75300022C2B /* WordsManager.swift */ = {isa = PBXFileReference; lastKnownFileType = sourcecode.swift; path = WordsManager.swift; sourceTree = "<group>"; };
		8BE033CC26C0079800022C2B /* DetailViewController.swift */ = {isa = PBXFileReference; lastKnownFileType = sourcecode.swift; path = DetailViewController.swift; sourceTree = "<group>"; };
		8BEAF4B126BF9380004A99DB /* Words.app */ = {isa = PBXFileReference; explicitFileType = wrapper.application; includeInIndex = 0; path = Words.app; sourceTree = BUILT_PRODUCTS_DIR; };
		8BEAF4B426BF9380004A99DB /* AppDelegate.swift */ = {isa = PBXFileReference; lastKnownFileType = sourcecode.swift; path = AppDelegate.swift; sourceTree = "<group>"; };
		8BEAF4B626BF9380004A99DB /* SceneDelegate.swift */ = {isa = PBXFileReference; lastKnownFileType = sourcecode.swift; path = SceneDelegate.swift; sourceTree = "<group>"; };
		8BEAF4B826BF9380004A99DB /* ViewController.swift */ = {isa = PBXFileReference; lastKnownFileType = sourcecode.swift; path = ViewController.swift; sourceTree = "<group>"; };
		8BEAF4BB26BF9380004A99DB /* Base */ = {isa = PBXFileReference; lastKnownFileType = file.storyboard; name = Base; path = Base.lproj/Main.storyboard; sourceTree = "<group>"; };
		8BEAF4BD26BF9381004A99DB /* Assets.xcassets */ = {isa = PBXFileReference; lastKnownFileType = folder.assetcatalog; path = Assets.xcassets; sourceTree = "<group>"; };
		8BEAF4C026BF9381004A99DB /* Base */ = {isa = PBXFileReference; lastKnownFileType = file.storyboard; name = Base; path = Base.lproj/LaunchScreen.storyboard; sourceTree = "<group>"; };
		8BEAF4C226BF9381004A99DB /* Info.plist */ = {isa = PBXFileReference; lastKnownFileType = text.plist.xml; path = Info.plist; sourceTree = "<group>"; };
		ADA9AED524F625855C33C542 /* Pods-Words.release.xcconfig */ = {isa = PBXFileReference; includeInIndex = 1; lastKnownFileType = text.xcconfig; name = "Pods-Words.release.xcconfig"; path = "Target Support Files/Pods-Words/Pods-Words.release.xcconfig"; sourceTree = "<group>"; };
		B5E93BB339C78F76E1BC7715 /* Pods-Words.debug.xcconfig */ = {isa = PBXFileReference; includeInIndex = 1; lastKnownFileType = text.xcconfig; name = "Pods-Words.debug.xcconfig"; path = "Target Support Files/Pods-Words/Pods-Words.debug.xcconfig"; sourceTree = "<group>"; };
/* End PBXFileReference section */

/* Begin PBXFrameworksBuildPhase section */
		8BEAF4AE26BF9380004A99DB /* Frameworks */ = {
			isa = PBXFrameworksBuildPhase;
			buildActionMask = 2147483647;
			files = (
				5BD25A149F0EDC16BADD5120 /* Pods_Words.framework in Frameworks */,
			);
			runOnlyForDeploymentPostprocessing = 0;
		};
/* End PBXFrameworksBuildPhase section */

/* Begin PBXGroup section */
		21A9105D14039FFDFAFBC129 /* Pods */ = {
			isa = PBXGroup;
			children = (
				B5E93BB339C78F76E1BC7715 /* Pods-Words.debug.xcconfig */,
				ADA9AED524F625855C33C542 /* Pods-Words.release.xcconfig */,
			);
			path = Pods;
			sourceTree = "<group>";
		};
		5F5990521F284A246C0FABF4 /* Frameworks */ = {
			isa = PBXGroup;
			children = (
				87D13FAF275DE3D660AF64F8 /* Pods_Words.framework */,
			);
			name = Frameworks;
			sourceTree = "<group>";
		};
		8BEAF4A826BF9380004A99DB = {
			isa = PBXGroup;
			children = (
				8BEAF4B326BF9380004A99DB /* Words */,
				8BEAF4B226BF9380004A99DB /* Products */,
				21A9105D14039FFDFAFBC129 /* Pods */,
				5F5990521F284A246C0FABF4 /* Frameworks */,
			);
			sourceTree = "<group>";
		};
		8BEAF4B226BF9380004A99DB /* Products */ = {
			isa = PBXGroup;
			children = (
				8BEAF4B126BF9380004A99DB /* Words.app */,
			);
			name = Products;
			sourceTree = "<group>";
		};
		8BEAF4B326BF9380004A99DB /* Words */ = {
			isa = PBXGroup;
			children = (
				8BEAF4B426BF9380004A99DB /* AppDelegate.swift */,
				8BEAF4B626BF9380004A99DB /* SceneDelegate.swift */,
				8BEAF4B826BF9380004A99DB /* ViewController.swift */,
				8BE033CC26C0079800022C2B /* DetailViewController.swift */,
				8BA4483426BF95E2006CBC6D /* WordCell.swift */,
				8BA4483226BF94C1006CBC6D /* Words.swift */,
				8BE033CA26BFF75300022C2B /* WordsManager.swift */,
				8BEAF4BA26BF9380004A99DB /* Main.storyboard */,
				8BEAF4BD26BF9381004A99DB /* Assets.xcassets */,
				8BEAF4BF26BF9381004A99DB /* LaunchScreen.storyboard */,
				8BEAF4C226BF9381004A99DB /* Info.plist */,
			);
			path = Words;
			sourceTree = "<group>";
		};
/* End PBXGroup section */

/* Begin PBXNativeTarget section */
		8BEAF4B026BF9380004A99DB /* Words */ = {
			isa = PBXNativeTarget;
			buildConfigurationList = 8BEAF4C526BF9381004A99DB /* Build configuration list for PBXNativeTarget "Words" */;
			buildPhases = (
				C043EEBC1117E5C12E6C4172 /* [CP] Check Pods Manifest.lock */,
				8BEAF4AD26BF9380004A99DB /* Sources */,
				8BEAF4AE26BF9380004A99DB /* Frameworks */,
				8BEAF4AF26BF9380004A99DB /* Resources */,
				D81CAFC5E0F6D45995B38910 /* [CP] Embed Pods Frameworks */,
			);
			buildRules = (
			);
			dependencies = (
			);
			name = Words;
			productName = Words;
			productReference = 8BEAF4B126BF9380004A99DB /* Words.app */;
			productType = "com.apple.product-type.application";
		};
/* End PBXNativeTarget section */

/* Begin PBXProject section */
		8BEAF4A926BF9380004A99DB /* Project object */ = {
			isa = PBXProject;
			attributes = {
				LastSwiftUpdateCheck = 1250;
				LastUpgradeCheck = 1250;
				TargetAttributes = {
					8BEAF4B026BF9380004A99DB = {
						CreatedOnToolsVersion = 12.5.1;
					};
				};
			};
			buildConfigurationList = 8BEAF4AC26BF9380004A99DB /* Build configuration list for PBXProject "Words" */;
			compatibilityVersion = "Xcode 9.3";
			developmentRegion = en;
			hasScannedForEncodings = 0;
			knownRegions = (
				en,
				Base,
			);
			mainGroup = 8BEAF4A826BF9380004A99DB;
			productRefGroup = 8BEAF4B226BF9380004A99DB /* Products */;
			projectDirPath = "";
			projectRoot = "";
			targets = (
				8BEAF4B026BF9380004A99DB /* Words */,
			);
		};
/* End PBXProject section */

/* Begin PBXResourcesBuildPhase section */
		8BEAF4AF26BF9380004A99DB /* Resources */ = {
			isa = PBXResourcesBuildPhase;
			buildActionMask = 2147483647;
			files = (
				8BEAF4C126BF9381004A99DB /* LaunchScreen.storyboard in Resources */,
				8BEAF4BE26BF9381004A99DB /* Assets.xcassets in Resources */,
				8BEAF4BC26BF9380004A99DB /* Main.storyboard in Resources */,
			);
			runOnlyForDeploymentPostprocessing = 0;
		};
/* End PBXResourcesBuildPhase section */

/* Begin PBXShellScriptBuildPhase section */
		C043EEBC1117E5C12E6C4172 /* [CP] Check Pods Manifest.lock */ = {
			isa = PBXShellScriptBuildPhase;
			buildActionMask = 2147483647;
			files = (
			);
			inputFileListPaths = (
			);
			inputPaths = (
				"${PODS_PODFILE_DIR_PATH}/Podfile.lock",
				"${PODS_ROOT}/Manifest.lock",
			);
			name = "[CP] Check Pods Manifest.lock";
			outputFileListPaths = (
			);
			outputPaths = (
				"$(DERIVED_FILE_DIR)/Pods-Words-checkManifestLockResult.txt",
			);
			runOnlyForDeploymentPostprocessing = 0;
			shellPath = /bin/sh;
			shellScript = "diff \"${PODS_PODFILE_DIR_PATH}/Podfile.lock\" \"${PODS_ROOT}/Manifest.lock\" > /dev/null\nif [ $? != 0 ] ; then\n    # print error to STDERR\n    echo \"error: The sandbox is not in sync with the Podfile.lock. Run 'pod install' or update your CocoaPods installation.\" >&2\n    exit 1\nfi\n# This output is used by Xcode 'outputs' to avoid re-running this script phase.\necho \"SUCCESS\" > \"${SCRIPT_OUTPUT_FILE_0}\"\n";
			showEnvVarsInLog = 0;
		};
		D81CAFC5E0F6D45995B38910 /* [CP] Embed Pods Frameworks */ = {
			isa = PBXShellScriptBuildPhase;
			buildActionMask = 2147483647;
			files = (
			);
			inputFileListPaths = (
				"${PODS_ROOT}/Target Support Files/Pods-Words/Pods-Words-frameworks-${CONFIGURATION}-input-files.xcfilelist",
			);
			name = "[CP] Embed Pods Frameworks";
			outputFileListPaths = (
				"${PODS_ROOT}/Target Support Files/Pods-Words/Pods-Words-frameworks-${CONFIGURATION}-output-files.xcfilelist",
			);
			runOnlyForDeploymentPostprocessing = 0;
			shellPath = /bin/sh;
			shellScript = "\"${PODS_ROOT}/Target Support Files/Pods-Words/Pods-Words-frameworks.sh\"\n";
			showEnvVarsInLog = 0;
		};
/* End PBXShellScriptBuildPhase section */

/* Begin PBXSourcesBuildPhase section */
		8BEAF4AD26BF9380004A99DB /* Sources */ = {
			isa = PBXSourcesBuildPhase;
			buildActionMask = 2147483647;
			files = (
				8BEAF4B926BF9380004A99DB /* ViewController.swift in Sources */,
				8BA4483326BF94C1006CBC6D /* Words.swift in Sources */,
				8BA4483526BF95E2006CBC6D /* WordCell.swift in Sources */,
				8BE033CB26BFF75300022C2B /* WordsManager.swift in Sources */,
				8BEAF4B526BF9380004A99DB /* AppDelegate.swift in Sources */,
				8BEAF4B726BF9380004A99DB /* SceneDelegate.swift in Sources */,
				8BE033CD26C0079800022C2B /* DetailViewController.swift in Sources */,
			);
			runOnlyForDeploymentPostprocessing = 0;
		};
/* End PBXSourcesBuildPhase section */

/* Begin PBXVariantGroup section */
		8BEAF4BA26BF9380004A99DB /* Main.storyboard */ = {
			isa = PBXVariantGroup;
			children = (
				8BEAF4BB26BF9380004A99DB /* Base */,
			);
			name = Main.storyboard;
			sourceTree = "<group>";
		};
		8BEAF4BF26BF9381004A99DB /* LaunchScreen.storyboard */ = {
			isa = PBXVariantGroup;
			children = (
				8BEAF4C026BF9381004A99DB /* Base */,
			);
			name = LaunchScreen.storyboard;
			sourceTree = "<group>";
		};
/* End PBXVariantGroup section */

/* Begin XCBuildConfiguration section */
		8BEAF4C326BF9381004A99DB /* Debug */ = {
			isa = XCBuildConfiguration;
			buildSettings = {
				ALWAYS_SEARCH_USER_PATHS = NO;
				CLANG_ANALYZER_NONNULL = YES;
				CLANG_ANALYZER_NUMBER_OBJECT_CONVERSION = YES_AGGRESSIVE;
				CLANG_CXX_LANGUAGE_STANDARD = "gnu++14";
				CLANG_CXX_LIBRARY = "libc++";
				CLANG_ENABLE_MODULES = YES;
				CLANG_ENABLE_OBJC_ARC = YES;
				CLANG_ENABLE_OBJC_WEAK = YES;
				CLANG_WARN_BLOCK_CAPTURE_AUTORELEASING = YES;
				CLANG_WARN_BOOL_CONVERSION = YES;
				CLANG_WARN_COMMA = YES;
				CLANG_WARN_CONSTANT_CONVERSION = YES;
				CLANG_WARN_DEPRECATED_OBJC_IMPLEMENTATIONS = YES;
				CLANG_WARN_DIRECT_OBJC_ISA_USAGE = YES_ERROR;
				CLANG_WARN_DOCUMENTATION_COMMENTS = YES;
				CLANG_WARN_EMPTY_BODY = YES;
				CLANG_WARN_ENUM_CONVERSION = YES;
				CLANG_WARN_INFINITE_RECURSION = YES;
				CLANG_WARN_INT_CONVERSION = YES;
				CLANG_WARN_NON_LITERAL_NULL_CONVERSION = YES;
				CLANG_WARN_OBJC_IMPLICIT_RETAIN_SELF = YES;
				CLANG_WARN_OBJC_LITERAL_CONVERSION = YES;
				CLANG_WARN_OBJC_ROOT_CLASS = YES_ERROR;
				CLANG_WARN_QUOTED_INCLUDE_IN_FRAMEWORK_HEADER = YES;
				CLANG_WARN_RANGE_LOOP_ANALYSIS = YES;
				CLANG_WARN_STRICT_PROTOTYPES = YES;
				CLANG_WARN_SUSPICIOUS_MOVE = YES;
				CLANG_WARN_UNGUARDED_AVAILABILITY = YES_AGGRESSIVE;
				CLANG_WARN_UNREACHABLE_CODE = YES;
				CLANG_WARN__DUPLICATE_METHOD_MATCH = YES;
				COPY_PHASE_STRIP = NO;
				DEBUG_INFORMATION_FORMAT = dwarf;
				ENABLE_STRICT_OBJC_MSGSEND = YES;
				ENABLE_TESTABILITY = YES;
				GCC_C_LANGUAGE_STANDARD = gnu11;
				GCC_DYNAMIC_NO_PIC = NO;
				GCC_NO_COMMON_BLOCKS = YES;
				GCC_OPTIMIZATION_LEVEL = 0;
				GCC_PREPROCESSOR_DEFINITIONS = (
					"DEBUG=1",
					"$(inherited)",
				);
				GCC_WARN_64_TO_32_BIT_CONVERSION = YES;
				GCC_WARN_ABOUT_RETURN_TYPE = YES_ERROR;
				GCC_WARN_UNDECLARED_SELECTOR = YES;
				GCC_WARN_UNINITIALIZED_AUTOS = YES_AGGRESSIVE;
				GCC_WARN_UNUSED_FUNCTION = YES;
				GCC_WARN_UNUSED_VARIABLE = YES;
				IPHONEOS_DEPLOYMENT_TARGET = 13.0;
				MTL_ENABLE_DEBUG_INFO = INCLUDE_SOURCE;
				MTL_FAST_MATH = YES;
				ONLY_ACTIVE_ARCH = YES;
				SDKROOT = iphoneos;
				SWIFT_ACTIVE_COMPILATION_CONDITIONS = DEBUG;
				SWIFT_OPTIMIZATION_LEVEL = "-Onone";
			};
			name = Debug;
		};
		8BEAF4C426BF9381004A99DB /* Release */ = {
			isa = XCBuildConfiguration;
			buildSettings = {
				ALWAYS_SEARCH_USER_PATHS = NO;
				CLANG_ANALYZER_NONNULL = YES;
				CLANG_ANALYZER_NUMBER_OBJECT_CONVERSION = YES_AGGRESSIVE;
				CLANG_CXX_LANGUAGE_STANDARD = "gnu++14";
				CLANG_CXX_LIBRARY = "libc++";
				CLANG_ENABLE_MODULES = YES;
				CLANG_ENABLE_OBJC_ARC = YES;
				CLANG_ENABLE_OBJC_WEAK = YES;
				CLANG_WARN_BLOCK_CAPTURE_AUTORELEASING = YES;
				CLANG_WARN_BOOL_CONVERSION = YES;
				CLANG_WARN_COMMA = YES;
				CLANG_WARN_CONSTANT_CONVERSION = YES;
				CLANG_WARN_DEPRECATED_OBJC_IMPLEMENTATIONS = YES;
				CLANG_WARN_DIRECT_OBJC_ISA_USAGE = YES_ERROR;
				CLANG_WARN_DOCUMENTATION_COMMENTS = YES;
				CLANG_WARN_EMPTY_BODY = YES;
				CLANG_WARN_ENUM_CONVERSION = YES;
				CLANG_WARN_INFINITE_RECURSION = YES;
				CLANG_WARN_INT_CONVERSION = YES;
				CLANG_WARN_NON_LITERAL_NULL_CONVERSION = YES;
				CLANG_WARN_OBJC_IMPLICIT_RETAIN_SELF = YES;
				CLANG_WARN_OBJC_LITERAL_CONVERSION = YES;
				CLANG_WARN_OBJC_ROOT_CLASS = YES_ERROR;
				CLANG_WARN_QUOTED_INCLUDE_IN_FRAMEWORK_HEADER = YES;
				CLANG_WARN_RANGE_LOOP_ANALYSIS = YES;
				CLANG_WARN_STRICT_PROTOTYPES = YES;
				CLANG_WARN_SUSPICIOUS_MOVE = YES;
				CLANG_WARN_UNGUARDED_AVAILABILITY = YES_AGGRESSIVE;
				CLANG_WARN_UNREACHABLE_CODE = YES;
				CLANG_WARN__DUPLICATE_METHOD_MATCH = YES;
				COPY_PHASE_STRIP = NO;
				DEBUG_INFORMATION_FORMAT = "dwarf-with-dsym";
				ENABLE_NS_ASSERTIONS = NO;
				ENABLE_STRICT_OBJC_MSGSEND = YES;
				GCC_C_LANGUAGE_STANDARD = gnu11;
				GCC_NO_COMMON_BLOCKS = YES;
				GCC_WARN_64_TO_32_BIT_CONVERSION = YES;
				GCC_WARN_ABOUT_RETURN_TYPE = YES_ERROR;
				GCC_WARN_UNDECLARED_SELECTOR = YES;
				GCC_WARN_UNINITIALIZED_AUTOS = YES_AGGRESSIVE;
				GCC_WARN_UNUSED_FUNCTION = YES;
				GCC_WARN_UNUSED_VARIABLE = YES;
				IPHONEOS_DEPLOYMENT_TARGET = 13.0;
				MTL_ENABLE_DEBUG_INFO = NO;
				MTL_FAST_MATH = YES;
				SDKROOT = iphoneos;
				SWIFT_COMPILATION_MODE = wholemodule;
				SWIFT_OPTIMIZATION_LEVEL = "-O";
				VALIDATE_PRODUCT = YES;
			};
			name = Release;
		};
		8BEAF4C626BF9381004A99DB /* Debug */ = {
			isa = XCBuildConfiguration;
			baseConfigurationReference = B5E93BB339C78F76E1BC7715 /* Pods-Words.debug.xcconfig */;
			buildSettings = {
				ASSETCATALOG_COMPILER_APPICON_NAME = AppIcon;
				ASSETCATALOG_COMPILER_GLOBAL_ACCENT_COLOR_NAME = AccentColor;
				CODE_SIGN_STYLE = Automatic;
				DEVELOPMENT_TEAM = PE9T4WTY22;
				INFOPLIST_FILE = Words/Info.plist;
				IPHONEOS_DEPLOYMENT_TARGET = 13.0;
				LD_RUNPATH_SEARCH_PATHS = (
					"$(inherited)",
					"@executable_path/Frameworks",
				);
				PRODUCT_BUNDLE_IDENTIFIER = com.dq.Words;
				PRODUCT_NAME = "$(TARGET_NAME)";
				SWIFT_VERSION = 5.0;
				TARGETED_DEVICE_FAMILY = "1,2";
			};
			name = Debug;
		};
		8BEAF4C726BF9381004A99DB /* Release */ = {
			isa = XCBuildConfiguration;
			baseConfigurationReference = ADA9AED524F625855C33C542 /* Pods-Words.release.xcconfig */;
			buildSettings = {
				ASSETCATALOG_COMPILER_APPICON_NAME = AppIcon;
				ASSETCATALOG_COMPILER_GLOBAL_ACCENT_COLOR_NAME = AccentColor;
				CODE_SIGN_STYLE = Automatic;
				DEVELOPMENT_TEAM = PE9T4WTY22;
				INFOPLIST_FILE = Words/Info.plist;
				IPHONEOS_DEPLOYMENT_TARGET = 13.0;
				LD_RUNPATH_SEARCH_PATHS = (
					"$(inherited)",
					"@executable_path/Frameworks",
				);
				PRODUCT_BUNDLE_IDENTIFIER = com.dq.Words;
				PRODUCT_NAME = "$(TARGET_NAME)";
				SWIFT_VERSION = 5.0;
				TARGETED_DEVICE_FAMILY = "1,2";
			};
			name = Release;
		};
/* End XCBuildConfiguration section */

/* Begin XCConfigurationList section */
		8BEAF4AC26BF9380004A99DB /* Build configuration list for PBXProject "Words" */ = {
			isa = XCConfigurationList;
			buildConfigurations = (
				8BEAF4C326BF9381004A99DB /* Debug */,
				8BEAF4C426BF9381004A99DB /* Release */,
			);
			defaultConfigurationIsVisible = 0;
			defaultConfigurationName = Release;
		};
		8BEAF4C526BF9381004A99DB /* Build configuration list for PBXNativeTarget "Words" */ = {
			isa = XCConfigurationList;
			buildConfigurations = (
				8BEAF4C626BF9381004A99DB /* Debug */,
				8BEAF4C726BF9381004A99DB /* Release */,
			);
			defaultConfigurationIsVisible = 0;
			defaultConfigurationName = Release;
		};
/* End XCConfigurationList section */
	};
	rootObject = 8BEAF4A926BF9380004A99DB /* Project object */;
}
